Microsoft Visual Studio Solution File, Format Version 11.00
# Visual C++ Express 2010
Project("{8BC9CEB8-8B4A-11D0-8D11-00A0C91BC942}") = "appcseditor_static", "appcseditor_static.vcxproj", "{805CACC2-4110-74F2-5AA7-EC1FC45B6E94}"
	ProjectSection(ProjectDependencies) = postProject
		{D427B6A8-5516-5CD8-EB88-0CBFCF9274C4} = {D427B6A8-5516-5CD8-EB88-0CBFCF9274C4}
		{A5790401-9CB0-0ED8-0CD6-381BE7A7CF0A} = {A5790401-9CB0-0ED8-0CD6-381BE7A7CF0A}
		{A88898BE-BA97-DF8D-1268-7E0B1F1ACBBA} = {A88898BE-BA97-DF8D-1268-7E0B1F1ACBBA}
	EndProjectSection
EndProject
Project("{8BC9CEB8-8B4A-11D0-8D11-00A0C91BC942}") = "grpall_static", "grpall_static.vcxproj", "{025A8D97-BA9D-441A-6C95-1AB1DDA432F3}"
	ProjectSection(ProjectDependencies) = postProject
		{805CACC2-4110-74F2-5AA7-EC1FC45B6E94} = {805CACC2-4110-74F2-5AA7-EC1FC45B6E94}
		{D427B6A8-5516-5CD8-EB88-0CBFCF9274C4} = {D427B6A8-5516-5CD8-EB88-0CBFCF9274C4}
		{A5790401-9CB0-0ED8-0CD6-381BE7A7CF0A} = {A5790401-9CB0-0ED8-0CD6-381BE7A7CF0A}
	EndProjectSection
EndProject
Project("{8BC9CEB8-8B4A-11D0-8D11-00A0C91BC942}") = "grpapps_static", "grpapps_static.vcxproj", "{E52C45F7-9F93-B2E3-AEC6-7091557B118C}"
	ProjectSection(ProjectDependencies) = postProject
		{805CACC2-4110-74F2-5AA7-EC1FC45B6E94} = {805CACC2-4110-74F2-5AA7-EC1FC45B6E94}
	EndProjectSection
EndProject
Project("{8BC9CEB8-8B4A-11D0-8D11-00A0C91BC942}") = "grplibs_static", "grplibs_static.vcxproj", "{69CC6DCF-6F53-3C1A-B2DD-FFBB09C068AE}"
	ProjectSection(ProjectDependencies) = postProject
		{D427B6A8-5516-5CD8-EB88-0CBFCF9274C4} = {D427B6A8-5516-5CD8-EB88-0CBFCF9274C4}
		{A5790401-9CB0-0ED8-0CD6-381BE7A7CF0A} = {A5790401-9CB0-0ED8-0CD6-381BE7A7CF0A}
	EndProjectSection
EndProject
Project("{8BC9CEB8-8B4A-11D0-8D11-00A0C91BC942}") = "grpplugins_static", "grpplugins_static.vcxproj", "{0E350FAB-AC29-2982-8FB4-C97CA88F1415}"
EndProject
Project("{8BC9CEB8-8B4A-11D0-8D11-00A0C91BC942}") = "libcsediting_gui", "libcsediting_gui.vcxproj", "{D427B6A8-5516-5CD8-EB88-0CBFCF9274C4}"
EndProject
Project("{8BC9CEB8-8B4A-11D0-8D11-00A0C91BC942}") = "libcsediting_staticplugins", "libcsediting_staticplugins.vcxproj", "{A5790401-9CB0-0ED8-0CD6-381BE7A7CF0A}"
EndProject
Project("{8BC9CEB8-8B4A-11D0-8D11-00A0C91BC942}") = "libcseditor_static_plugins", "libcseditor_static_plugins.vcxproj", "{A88898BE-BA97-DF8D-1268-7E0B1F1ACBBA}"
	ProjectSection(ProjectDependencies) = postProject
		{D427B6A8-5516-5CD8-EB88-0CBFCF9274C4} = {D427B6A8-5516-5CD8-EB88-0CBFCF9274C4}
		{A5790401-9CB0-0ED8-0CD6-381BE7A7CF0A} = {A5790401-9CB0-0ED8-0CD6-381BE7A7CF0A}
	EndProjectSection
EndProject
Global
	GlobalSection(SolutionConfigurationPlatforms) = preSolution
		DebugWithDlls|Win32 = DebugWithDlls|Win32
		DebugWithDlls|x64 = DebugWithDlls|x64
		DebugWithStaticLibs|Win32 = DebugWithStaticLibs|Win32
		DebugWithStaticLibs|x64 = DebugWithStaticLibs|x64
		MemoryTrackerWithDlls|Win32 = MemoryTrackerWithDlls|Win32
		MemoryTrackerWithDlls|x64 = MemoryTrackerWithDlls|x64
		MemoryTrackerWithStaticLibs|Win32 = MemoryTrackerWithStaticLibs|Win32
		MemoryTrackerWithStaticLibs|x64 = MemoryTrackerWithStaticLibs|x64
		RefTrackerWithDlls|Win32 = RefTrackerWithDlls|Win32
		RefTrackerWithDlls|x64 = RefTrackerWithDlls|x64
		RefTrackerWithStaticLibs|Win32 = RefTrackerWithStaticLibs|Win32
		RefTrackerWithStaticLibs|x64 = RefTrackerWithStaticLibs|x64
		ReleaseWithDlls|Win32 = ReleaseWithDlls|Win32
		ReleaseWithDlls|x64 = ReleaseWithDlls|x64
		ReleaseWithStaticLibs|Win32 = ReleaseWithStaticLibs|Win32
		ReleaseWithStaticLibs|x64 = ReleaseWithStaticLibs|x64
		ThreadCheckerWithDlls|Win32 = ThreadCheckerWithDlls|Win32
		ThreadCheckerWithDlls|x64 = ThreadCheckerWithDlls|x64
		ThreadCheckerWithStaticLibs|Win32 = ThreadCheckerWithStaticLibs|Win32
		ThreadCheckerWithStaticLibs|x64 = ThreadCheckerWithStaticLibs|x64
	EndGlobalSection
	GlobalSection(ProjectConfigurationPlatforms) = postSolution
		{805CACC2-4110-74F2-5AA7-EC1FC45B6E94}.DebugWithDlls|Win32.ActiveCfg = DebugWithDlls|Win32
		{805CACC2-4110-74F2-5AA7-EC1FC45B6E94}.DebugWithDlls|Win32.Build.0 = DebugWithDlls|Win32
		{805CACC2-4110-74F2-5AA7-EC1FC45B6E94}.DebugWithDlls|x64.ActiveCfg = DebugWithDlls|x64
		{805CACC2-4110-74F2-5AA7-EC1FC45B6E94}.DebugWithDlls|x64.Build.0 = DebugWithDlls|x64
		{805CACC2-4110-74F2-5AA7-EC1FC45B6E94}.DebugWithStaticLibs|Win32.ActiveCfg = DebugWithStaticLibs|Win32
		{805CACC2-4110-74F2-5AA7-EC1FC45B6E94}.DebugWithStaticLibs|Win32.Build.0 = DebugWithStaticLibs|Win32
		{805CACC2-4110-74F2-5AA7-EC1FC45B6E94}.DebugWithStaticLibs|x64.ActiveCfg = DebugWithStaticLibs|x64
		{805CACC2-4110-74F2-5AA7-EC1FC45B6E94}.DebugWithStaticLibs|x64.Build.0 = DebugWithStaticLibs|x64
		{805CACC2-4110-74F2-5AA7-EC1FC45B6E94}.MemoryTrackerWithDlls|Win32.ActiveCfg = MemoryTrackerWithDlls|Win32
		{805CACC2-4110-74F2-5AA7-EC1FC45B6E94}.MemoryTrackerWithDlls|Win32.Build.0 = MemoryTrackerWithDlls|Win32
		{805CACC2-4110-74F2-5AA7-EC1FC45B6E94}.MemoryTrackerWithDlls|x64.ActiveCfg = MemoryTrackerWithDlls|x64
		{805CACC2-4110-74F2-5AA7-EC1FC45B6E94}.MemoryTrackerWithDlls|x64.Build.0 = MemoryTrackerWithDlls|x64
		{805CACC2-4110-74F2-5AA7-EC1FC45B6E94}.MemoryTrackerWithStaticLibs|Win32.ActiveCfg = MemoryTrackerWithStaticLibs|Win32
		{805CACC2-4110-74F2-5AA7-EC1FC45B6E94}.MemoryTrackerWithStaticLibs|Win32.Build.0 = MemoryTrackerWithStaticLibs|Win32
		{805CACC2-4110-74F2-5AA7-EC1FC45B6E94}.MemoryTrackerWithStaticLibs|x64.ActiveCfg = MemoryTrackerWithStaticLibs|x64
		{805CACC2-4110-74F2-5AA7-EC1FC45B6E94}.MemoryTrackerWithStaticLibs|x64.Build.0 = MemoryTrackerWithStaticLibs|x64
		{805CACC2-4110-74F2-5AA7-EC1FC45B6E94}.RefTrackerWithDlls|Win32.ActiveCfg = RefTrackerWithDlls|Win32
		{805CACC2-4110-74F2-5AA7-EC1FC45B6E94}.RefTrackerWithDlls|Win32.Build.0 = RefTrackerWithDlls|Win32
		{805CACC2-4110-74F2-5AA7-EC1FC45B6E94}.RefTrackerWithDlls|x64.ActiveCfg = RefTrackerWithDlls|x64
		{805CACC2-4110-74F2-5AA7-EC1FC45B6E94}.RefTrackerWithDlls|x64.Build.0 = RefTrackerWithDlls|x64
		{805CACC2-4110-74F2-5AA7-EC1FC45B6E94}.RefTrackerWithStaticLibs|Win32.ActiveCfg = RefTrackerWithStaticLibs|Win32
		{805CACC2-4110-74F2-5AA7-EC1FC45B6E94}.RefTrackerWithStaticLibs|Win32.Build.0 = RefTrackerWithStaticLibs|Win32
		{805CACC2-4110-74F2-5AA7-EC1FC45B6E94}.RefTrackerWithStaticLibs|x64.ActiveCfg = RefTrackerWithStaticLibs|x64
		{805CACC2-4110-74F2-5AA7-EC1FC45B6E94}.RefTrackerWithStaticLibs|x64.Build.0 = RefTrackerWithStaticLibs|x64
		{805CACC2-4110-74F2-5AA7-EC1FC45B6E94}.ReleaseWithDlls|Win32.ActiveCfg = ReleaseWithDlls|Win32
		{805CACC2-4110-74F2-5AA7-EC1FC45B6E94}.ReleaseWithDlls|Win32.Build.0 = ReleaseWithDlls|Win32
		{805CACC2-4110-74F2-5AA7-EC1FC45B6E94}.ReleaseWithDlls|x64.ActiveCfg = ReleaseWithDlls|x64
		{805CACC2-4110-74F2-5AA7-EC1FC45B6E94}.ReleaseWithDlls|x64.Build.0 = ReleaseWithDlls|x64
		{805CACC2-4110-74F2-5AA7-EC1FC45B6E94}.ReleaseWithStaticLibs|Win32.ActiveCfg = ReleaseWithStaticLibs|Win32
		{805CACC2-4110-74F2-5AA7-EC1FC45B6E94}.ReleaseWithStaticLibs|Win32.Build.0 = ReleaseWithStaticLibs|Win32
		{805CACC2-4110-74F2-5AA7-EC1FC45B6E94}.ReleaseWithStaticLibs|x64.ActiveCfg = ReleaseWithStaticLibs|x64
		{805CACC2-4110-74F2-5AA7-EC1FC45B6E94}.ReleaseWithStaticLibs|x64.Build.0 = ReleaseWithStaticLibs|x64
		{805CACC2-4110-74F2-5AA7-EC1FC45B6E94}.ThreadCheckerWithDlls|Win32.ActiveCfg = ThreadCheckerWithDlls|Win32
		{805CACC2-4110-74F2-5AA7-EC1FC45B6E94}.ThreadCheckerWithDlls|Win32.Build.0 = ThreadCheckerWithDlls|Win32
		{805CACC2-4110-74F2-5AA7-EC1FC45B6E94}.ThreadCheckerWithDlls|x64.ActiveCfg = ThreadCheckerWithDlls|x64
		{805CACC2-4110-74F2-5AA7-EC1FC45B6E94}.ThreadCheckerWithDlls|x64.Build.0 = ThreadCheckerWithDlls|x64
		{805CACC2-4110-74F2-5AA7-EC1FC45B6E94}.ThreadCheckerWithStaticLibs|Win32.ActiveCfg = ThreadCheckerWithStaticLibs|Win32
		{805CACC2-4110-74F2-5AA7-EC1FC45B6E94}.ThreadCheckerWithStaticLibs|Win32.Build.0 = ThreadCheckerWithStaticLibs|Win32
		{805CACC2-4110-74F2-5AA7-EC1FC45B6E94}.ThreadCheckerWithStaticLibs|x64.ActiveCfg = ThreadCheckerWithStaticLibs|x64
		{805CACC2-4110-74F2-5AA7-EC1FC45B6E94}.ThreadCheckerWithStaticLibs|x64.Build.0 = ThreadCheckerWithStaticLibs|x64
		{025A8D97-BA9D-441A-6C95-1AB1DDA432F3}.DebugWithDlls|Win32.ActiveCfg = DebugWithDlls|Win32
		{025A8D97-BA9D-441A-6C95-1AB1DDA432F3}.DebugWithDlls|Win32.Build.0 = DebugWithDlls|Win32
		{025A8D97-BA9D-441A-6C95-1AB1DDA432F3}.DebugWithDlls|x64.ActiveCfg = DebugWithDlls|x64
		{025A8D97-BA9D-441A-6C95-1AB1DDA432F3}.DebugWithDlls|x64.Build.0 = DebugWithDlls|x64
		{025A8D97-BA9D-441A-6C95-1AB1DDA432F3}.DebugWithStaticLibs|Win32.ActiveCfg = DebugWithStaticLibs|Win32
		{025A8D97-BA9D-441A-6C95-1AB1DDA432F3}.DebugWithStaticLibs|Win32.Build.0 = DebugWithStaticLibs|Win32
		{025A8D97-BA9D-441A-6C95-1AB1DDA432F3}.DebugWithStaticLibs|x64.ActiveCfg = DebugWithStaticLibs|x64
		{025A8D97-BA9D-441A-6C95-1AB1DDA432F3}.DebugWithStaticLibs|x64.Build.0 = DebugWithStaticLibs|x64
		{025A8D97-BA9D-441A-6C95-1AB1DDA432F3}.MemoryTrackerWithDlls|Win32.ActiveCfg = MemoryTrackerWithDlls|Win32
		{025A8D97-BA9D-441A-6C95-1AB1DDA432F3}.MemoryTrackerWithDlls|Win32.Build.0 = MemoryTrackerWithDlls|Win32
		{025A8D97-BA9D-441A-6C95-1AB1DDA432F3}.MemoryTrackerWithDlls|x64.ActiveCfg = MemoryTrackerWithDlls|x64
		{025A8D97-BA9D-441A-6C95-1AB1DDA432F3}.MemoryTrackerWithDlls|x64.Build.0 = MemoryTrackerWithDlls|x64
		{025A8D97-BA9D-441A-6C95-1AB1DDA432F3}.MemoryTrackerWithStaticLibs|Win32.ActiveCfg = MemoryTrackerWithStaticLibs|Win32
		{025A8D97-BA9D-441A-6C95-1AB1DDA432F3}.MemoryTrackerWithStaticLibs|Win32.Build.0 = MemoryTrackerWithStaticLibs|Win32
		{025A8D97-BA9D-441A-6C95-1AB1DDA432F3}.MemoryTrackerWithStaticLibs|x64.ActiveCfg = MemoryTrackerWithStaticLibs|x64
		{025A8D97-BA9D-441A-6C95-1AB1DDA432F3}.MemoryTrackerWithStaticLibs|x64.Build.0 = MemoryTrackerWithStaticLibs|x64
		{025A8D97-BA9D-441A-6C95-1AB1DDA432F3}.RefTrackerWithDlls|Win32.ActiveCfg = RefTrackerWithDlls|Win32
		{025A8D97-BA9D-441A-6C95-1AB1DDA432F3}.RefTrackerWithDlls|Win32.Build.0 = RefTrackerWithDlls|Win32
		{025A8D97-BA9D-441A-6C95-1AB1DDA432F3}.RefTrackerWithDlls|x64.ActiveCfg = RefTrackerWithDlls|x64
		{025A8D97-BA9D-441A-6C95-1AB1DDA432F3}.RefTrackerWithDlls|x64.Build.0 = RefTrackerWithDlls|x64
		{025A8D97-BA9D-441A-6C95-1AB1DDA432F3}.RefTrackerWithStaticLibs|Win32.ActiveCfg = RefTrackerWithStaticLibs|Win32
		{025A8D97-BA9D-441A-6C95-1AB1DDA432F3}.RefTrackerWithStaticLibs|Win32.Build.0 = RefTrackerWithStaticLibs|Win32
		{025A8D97-BA9D-441A-6C95-1AB1DDA432F3}.RefTrackerWithStaticLibs|x64.ActiveCfg = RefTrackerWithStaticLibs|x64
		{025A8D97-BA9D-441A-6C95-1AB1DDA432F3}.RefTrackerWithStaticLibs|x64.Build.0 = RefTrackerWithStaticLibs|x64
		{025A8D97-BA9D-441A-6C95-1AB1DDA432F3}.ReleaseWithDlls|Win32.ActiveCfg = ReleaseWithDlls|Win32
		{025A8D97-BA9D-441A-6C95-1AB1DDA432F3}.ReleaseWithDlls|Win32.Build.0 = ReleaseWithDlls|Win32
		{025A8D97-BA9D-441A-6C95-1AB1DDA432F3}.ReleaseWithDlls|x64.ActiveCfg = ReleaseWithDlls|x64
		{025A8D97-BA9D-441A-6C95-1AB1DDA432F3}.ReleaseWithDlls|x64.Build.0 = ReleaseWithDlls|x64
		{025A8D97-BA9D-441A-6C95-1AB1DDA432F3}.ReleaseWithStaticLibs|Win32.ActiveCfg = ReleaseWithStaticLibs|Win32
		{025A8D97-BA9D-441A-6C95-1AB1DDA432F3}.ReleaseWithStaticLibs|Win32.Build.0 = ReleaseWithStaticLibs|Win32
		{025A8D97-BA9D-441A-6C95-1AB1DDA432F3}.ReleaseWithStaticLibs|x64.ActiveCfg = ReleaseWithStaticLibs|x64
		{025A8D97-BA9D-441A-6C95-1AB1DDA432F3}.ReleaseWithStaticLibs|x64.Build.0 = ReleaseWithStaticLibs|x64
		{025A8D97-BA9D-441A-6C95-1AB1DDA432F3}.ThreadCheckerWithDlls|Win32.ActiveCfg = ThreadCheckerWithDlls|Win32
		{025A8D97-BA9D-441A-6C95-1AB1DDA432F3}.ThreadCheckerWithDlls|Win32.Build.0 = ThreadCheckerWithDlls|Win32
		{025A8D97-BA9D-441A-6C95-1AB1DDA432F3}.ThreadCheckerWithDlls|x64.ActiveCfg = ThreadCheckerWithDlls|x64
		{025A8D97-BA9D-441A-6C95-1AB1DDA432F3}.ThreadCheckerWithDlls|x64.Build.0 = ThreadCheckerWithDlls|x64
		{025A8D97-BA9D-441A-6C95-1AB1DDA432F3}.ThreadCheckerWithStaticLibs|Win32.ActiveCfg = ThreadCheckerWithStaticLibs|Win32
		{025A8D97-BA9D-441A-6C95-1AB1DDA432F3}.ThreadCheckerWithStaticLibs|Win32.Build.0 = ThreadCheckerWithStaticLibs|Win32
		{025A8D97-BA9D-441A-6C95-1AB1DDA432F3}.ThreadCheckerWithStaticLibs|x64.ActiveCfg = ThreadCheckerWithStaticLibs|x64
		{025A8D97-BA9D-441A-6C95-1AB1DDA432F3}.ThreadCheckerWithStaticLibs|x64.Build.0 = ThreadCheckerWithStaticLibs|x64
		{E52C45F7-9F93-B2E3-AEC6-7091557B118C}.DebugWithDlls|Win32.ActiveCfg = DebugWithDlls|Win32
		{E52C45F7-9F93-B2E3-AEC6-7091557B118C}.DebugWithDlls|Win32.Build.0 = DebugWithDlls|Win32
		{E52C45F7-9F93-B2E3-AEC6-7091557B118C}.DebugWithDlls|x64.ActiveCfg = DebugWithDlls|x64
		{E52C45F7-9F93-B2E3-AEC6-7091557B118C}.DebugWithDlls|x64.Build.0 = DebugWithDlls|x64
		{E52C45F7-9F93-B2E3-AEC6-7091557B118C}.DebugWithStaticLibs|Win32.ActiveCfg = DebugWithStaticLibs|Win32
		{E52C45F7-9F93-B2E3-AEC6-7091557B118C}.DebugWithStaticLibs|Win32.Build.0 = DebugWithStaticLibs|Win32
		{E52C45F7-9F93-B2E3-AEC6-7091557B118C}.DebugWithStaticLibs|x64.ActiveCfg = DebugWithStaticLibs|x64
		{E52C45F7-9F93-B2E3-AEC6-7091557B118C}.DebugWithStaticLibs|x64.Build.0 = DebugWithStaticLibs|x64
		{E52C45F7-9F93-B2E3-AEC6-7091557B118C}.MemoryTrackerWithDlls|Win32.ActiveCfg = MemoryTrackerWithDlls|Win32
		{E52C45F7-9F93-B2E3-AEC6-7091557B118C}.MemoryTrackerWithDlls|Win32.Build.0 = MemoryTrackerWithDlls|Win32
		{E52C45F7-9F93-B2E3-AEC6-7091557B118C}.MemoryTrackerWithDlls|x64.ActiveCfg = MemoryTrackerWithDlls|x64
		{E52C45F7-9F93-B2E3-AEC6-7091557B118C}.MemoryTrackerWithDlls|x64.Build.0 = MemoryTrackerWithDlls|x64
		{E52C45F7-9F93-B2E3-AEC6-7091557B118C}.MemoryTrackerWithStaticLibs|Win32.ActiveCfg = MemoryTrackerWithStaticLibs|Win32
		{E52C45F7-9F93-B2E3-AEC6-7091557B118C}.MemoryTrackerWithStaticLibs|Win32.Build.0 = MemoryTrackerWithStaticLibs|Win32
		{E52C45F7-9F93-B2E3-AEC6-7091557B118C}.MemoryTrackerWithStaticLibs|x64.ActiveCfg = MemoryTrackerWithStaticLibs|x64
		{E52C45F7-9F93-B2E3-AEC6-7091557B118C}.MemoryTrackerWithStaticLibs|x64.Build.0 = MemoryTrackerWithStaticLibs|x64
		{E52C45F7-9F93-B2E3-AEC6-7091557B118C}.RefTrackerWithDlls|Win32.ActiveCfg = RefTrackerWithDlls|Win32
		{E52C45F7-9F93-B2E3-AEC6-7091557B118C}.RefTrackerWithDlls|Win32.Build.0 = RefTrackerWithDlls|Win32
		{E52C45F7-9F93-B2E3-AEC6-7091557B118C}.RefTrackerWithDlls|x64.ActiveCfg = RefTrackerWithDlls|x64
		{E52C45F7-9F93-B2E3-AEC6-7091557B118C}.RefTrackerWithDlls|x64.Build.0 = RefTrackerWithDlls|x64
		{E52C45F7-9F93-B2E3-AEC6-7091557B118C}.RefTrackerWithStaticLibs|Win32.ActiveCfg = RefTrackerWithStaticLibs|Win32
		{E52C45F7-9F93-B2E3-AEC6-7091557B118C}.RefTrackerWithStaticLibs|Win32.Build.0 = RefTrackerWithStaticLibs|Win32
		{E52C45F7-9F93-B2E3-AEC6-7091557B118C}.RefTrackerWithStaticLibs|x64.ActiveCfg = RefTrackerWithStaticLibs|x64
		{E52C45F7-9F93-B2E3-AEC6-7091557B118C}.RefTrackerWithStaticLibs|x64.Build.0 = RefTrackerWithStaticLibs|x64
		{E52C45F7-9F93-B2E3-AEC6-7091557B118C}.ReleaseWithDlls|Win32.ActiveCfg = ReleaseWithDlls|Win32
		{E52C45F7-9F93-B2E3-AEC6-7091557B118C}.ReleaseWithDlls|Win32.Build.0 = ReleaseWithDlls|Win32
		{E52C45F7-9F93-B2E3-AEC6-7091557B118C}.ReleaseWithDlls|x64.ActiveCfg = ReleaseWithDlls|x64
		{E52C45F7-9F93-B2E3-AEC6-7091557B118C}.ReleaseWithDlls|x64.Build.0 = ReleaseWithDlls|x64
		{E52C45F7-9F93-B2E3-AEC6-7091557B118C}.ReleaseWithStaticLibs|Win32.ActiveCfg = ReleaseWithStaticLibs|Win32
		{E52C45F7-9F93-B2E3-AEC6-7091557B118C}.ReleaseWithStaticLibs|Win32.Build.0 = ReleaseWithStaticLibs|Win32
		{E52C45F7-9F93-B2E3-AEC6-7091557B118C}.ReleaseWithStaticLibs|x64.ActiveCfg = ReleaseWithStaticLibs|x64
		{E52C45F7-9F93-B2E3-AEC6-7091557B118C}.ReleaseWithStaticLibs|x64.Build.0 = ReleaseWithStaticLibs|x64
		{E52C45F7-9F93-B2E3-AEC6-7091557B118C}.ThreadCheckerWithDlls|Win32.ActiveCfg = ThreadCheckerWithDlls|Win32
		{E52C45F7-9F93-B2E3-AEC6-7091557B118C}.ThreadCheckerWithDlls|Win32.Build.0 = ThreadCheckerWithDlls|Win32
		{E52C45F7-9F93-B2E3-AEC6-7091557B118C}.ThreadCheckerWithDlls|x64.ActiveCfg = ThreadCheckerWithDlls|x64
		{E52C45F7-9F93-B2E3-AEC6-7091557B118C}.ThreadCheckerWithDlls|x64.Build.0 = ThreadCheckerWithDlls|x64
		{E52C45F7-9F93-B2E3-AEC6-7091557B118C}.ThreadCheckerWithStaticLibs|Win32.ActiveCfg = ThreadCheckerWithStaticLibs|Win32
		{E52C45F7-9F93-B2E3-AEC6-7091557B118C}.ThreadCheckerWithStaticLibs|Win32.Build.0 = ThreadCheckerWithStaticLibs|Win32
		{E52C45F7-9F93-B2E3-AEC6-7091557B118C}.ThreadCheckerWithStaticLibs|x64.ActiveCfg = ThreadCheckerWithStaticLibs|x64
		{E52C45F7-9F93-B2E3-AEC6-7091557B118C}.ThreadCheckerWithStaticLibs|x64.Build.0 = ThreadCheckerWithStaticLibs|x64
		{69CC6DCF-6F53-3C1A-B2DD-FFBB09C068AE}.DebugWithDlls|Win32.ActiveCfg = DebugWithDlls|Win32
		{69CC6DCF-6F53-3C1A-B2DD-FFBB09C068AE}.DebugWithDlls|Win32.Build.0 = DebugWithDlls|Win32
		{69CC6DCF-6F53-3C1A-B2DD-FFBB09C068AE}.DebugWithDlls|x64.ActiveCfg = DebugWithDlls|x64
		{69CC6DCF-6F53-3C1A-B2DD-FFBB09C068AE}.DebugWithDlls|x64.Build.0 = DebugWithDlls|x64
		{69CC6DCF-6F53-3C1A-B2DD-FFBB09C068AE}.DebugWithStaticLibs|Win32.ActiveCfg = DebugWithStaticLibs|Win32
		{69CC6DCF-6F53-3C1A-B2DD-FFBB09C068AE}.DebugWithStaticLibs|Win32.Build.0 = DebugWithStaticLibs|Win32
		{69CC6DCF-6F53-3C1A-B2DD-FFBB09C068AE}.DebugWithStaticLibs|x64.ActiveCfg = DebugWithStaticLibs|x64
		{69CC6DCF-6F53-3C1A-B2DD-FFBB09C068AE}.DebugWithStaticLibs|x64.Build.0 = DebugWithStaticLibs|x64
		{69CC6DCF-6F53-3C1A-B2DD-FFBB09C068AE}.MemoryTrackerWithDlls|Win32.ActiveCfg = MemoryTrackerWithDlls|Win32
		{69CC6DCF-6F53-3C1A-B2DD-FFBB09C068AE}.MemoryTrackerWithDlls|Win32.Build.0 = MemoryTrackerWithDlls|Win32
		{69CC6DCF-6F53-3C1A-B2DD-FFBB09C068AE}.MemoryTrackerWithDlls|x64.ActiveCfg = MemoryTrackerWithDlls|x64
		{69CC6DCF-6F53-3C1A-B2DD-FFBB09C068AE}.MemoryTrackerWithDlls|x64.Build.0 = MemoryTrackerWithDlls|x64
		{69CC6DCF-6F53-3C1A-B2DD-FFBB09C068AE}.MemoryTrackerWithStaticLibs|Win32.ActiveCfg = MemoryTrackerWithStaticLibs|Win32
		{69CC6DCF-6F53-3C1A-B2DD-FFBB09C068AE}.MemoryTrackerWithStaticLibs|Win32.Build.0 = MemoryTrackerWithStaticLibs|Win32
		{69CC6DCF-6F53-3C1A-B2DD-FFBB09C068AE}.MemoryTrackerWithStaticLibs|x64.ActiveCfg = MemoryTrackerWithStaticLibs|x64
		{69CC6DCF-6F53-3C1A-B2DD-FFBB09C068AE}.MemoryTrackerWithStaticLibs|x64.Build.0 = MemoryTrackerWithStaticLibs|x64
		{69CC6DCF-6F53-3C1A-B2DD-FFBB09C068AE}.RefTrackerWithDlls|Win32.ActiveCfg = RefTrackerWithDlls|Win32
		{69CC6DCF-6F53-3C1A-B2DD-FFBB09C068AE}.RefTrackerWithDlls|Win32.Build.0 = RefTrackerWithDlls|Win32
		{69CC6DCF-6F53-3C1A-B2DD-FFBB09C068AE}.RefTrackerWithDlls|x64.ActiveCfg = RefTrackerWithDlls|x64
		{69CC6DCF-6F53-3C1A-B2DD-FFBB09C068AE}.RefTrackerWithDlls|x64.Build.0 = RefTrackerWithDlls|x64
		{69CC6DCF-6F53-3C1A-B2DD-FFBB09C068AE}.RefTrackerWithStaticLibs|Win32.ActiveCfg = RefTrackerWithStaticLibs|Win32
		{69CC6DCF-6F53-3C1A-B2DD-FFBB09C068AE}.RefTrackerWithStaticLibs|Win32.Build.0 = RefTrackerWithStaticLibs|Win32
		{69CC6DCF-6F53-3C1A-B2DD-FFBB09C068AE}.RefTrackerWithStaticLibs|x64.ActiveCfg = RefTrackerWithStaticLibs|x64
		{69CC6DCF-6F53-3C1A-B2DD-FFBB09C068AE}.RefTrackerWithStaticLibs|x64.Build.0 = RefTrackerWithStaticLibs|x64
		{69CC6DCF-6F53-3C1A-B2DD-FFBB09C068AE}.ReleaseWithDlls|Win32.ActiveCfg = ReleaseWithDlls|Win32
		{69CC6DCF-6F53-3C1A-B2DD-FFBB09C068AE}.ReleaseWithDlls|Win32.Build.0 = ReleaseWithDlls|Win32
		{69CC6DCF-6F53-3C1A-B2DD-FFBB09C068AE}.ReleaseWithDlls|x64.ActiveCfg = ReleaseWithDlls|x64
		{69CC6DCF-6F53-3C1A-B2DD-FFBB09C068AE}.ReleaseWithDlls|x64.Build.0 = ReleaseWithDlls|x64
		{69CC6DCF-6F53-3C1A-B2DD-FFBB09C068AE}.ReleaseWithStaticLibs|Win32.ActiveCfg = ReleaseWithStaticLibs|Win32
		{69CC6DCF-6F53-3C1A-B2DD-FFBB09C068AE}.ReleaseWithStaticLibs|Win32.Build.0 = ReleaseWithStaticLibs|Win32
		{69CC6DCF-6F53-3C1A-B2DD-FFBB09C068AE}.ReleaseWithStaticLibs|x64.ActiveCfg = ReleaseWithStaticLibs|x64
		{69CC6DCF-6F53-3C1A-B2DD-FFBB09C068AE}.ReleaseWithStaticLibs|x64.Build.0 = ReleaseWithStaticLibs|x64
		{69CC6DCF-6F53-3C1A-B2DD-FFBB09C068AE}.ThreadCheckerWithDlls|Win32.ActiveCfg = ThreadCheckerWithDlls|Win32
		{69CC6DCF-6F53-3C1A-B2DD-FFBB09C068AE}.ThreadCheckerWithDlls|Win32.Build.0 = ThreadCheckerWithDlls|Win32
		{69CC6DCF-6F53-3C1A-B2DD-FFBB09C068AE}.ThreadCheckerWithDlls|x64.ActiveCfg = ThreadCheckerWithDlls|x64
		{69CC6DCF-6F53-3C1A-B2DD-FFBB09C068AE}.ThreadCheckerWithDlls|x64.Build.0 = ThreadCheckerWithDlls|x64
		{69CC6DCF-6F53-3C1A-B2DD-FFBB09C068AE}.ThreadCheckerWithStaticLibs|Win32.ActiveCfg = ThreadCheckerWithStaticLibs|Win32
		{69CC6DCF-6F53-3C1A-B2DD-FFBB09C068AE}.ThreadCheckerWithStaticLibs|Win32.Build.0 = ThreadCheckerWithStaticLibs|Win32
		{69CC6DCF-6F53-3C1A-B2DD-FFBB09C068AE}.ThreadCheckerWithStaticLibs|x64.ActiveCfg = ThreadCheckerWithStaticLibs|x64
		{69CC6DCF-6F53-3C1A-B2DD-FFBB09C068AE}.ThreadCheckerWithStaticLibs|x64.Build.0 = ThreadCheckerWithStaticLibs|x64
		{0E350FAB-AC29-2982-8FB4-C97CA88F1415}.DebugWithDlls|Win32.ActiveCfg = DebugWithDlls|Win32
		{0E350FAB-AC29-2982-8FB4-C97CA88F1415}.DebugWithDlls|Win32.Build.0 = DebugWithDlls|Win32
		{0E350FAB-AC29-2982-8FB4-C97CA88F1415}.DebugWithDlls|x64.ActiveCfg = DebugWithDlls|x64
		{0E350FAB-AC29-2982-8FB4-C97CA88F1415}.DebugWithDlls|x64.Build.0 = DebugWithDlls|x64
		{0E350FAB-AC29-2982-8FB4-C97CA88F1415}.DebugWithStaticLibs|Win32.ActiveCfg = DebugWithStaticLibs|Win32
		{0E350FAB-AC29-2982-8FB4-C97CA88F1415}.DebugWithStaticLibs|Win32.Build.0 = DebugWithStaticLibs|Win32
		{0E350FAB-AC29-2982-8FB4-C97CA88F1415}.DebugWithStaticLibs|x64.ActiveCfg = DebugWithStaticLibs|x64
		{0E350FAB-AC29-2982-8FB4-C97CA88F1415}.DebugWithStaticLibs|x64.Build.0 = DebugWithStaticLibs|x64
		{0E350FAB-AC29-2982-8FB4-C97CA88F1415}.MemoryTrackerWithDlls|Win32.ActiveCfg = MemoryTrackerWithDlls|Win32
		{0E350FAB-AC29-2982-8FB4-C97CA88F1415}.MemoryTrackerWithDlls|Win32.Build.0 = MemoryTrackerWithDlls|Win32
		{0E350FAB-AC29-2982-8FB4-C97CA88F1415}.MemoryTrackerWithDlls|x64.ActiveCfg = MemoryTrackerWithDlls|x64
		{0E350FAB-AC29-2982-8FB4-C97CA88F1415}.MemoryTrackerWithDlls|x64.Build.0 = MemoryTrackerWithDlls|x64
		{0E350FAB-AC29-2982-8FB4-C97CA88F1415}.MemoryTrackerWithStaticLibs|Win32.ActiveCfg = MemoryTrackerWithStaticLibs|Win32
		{0E350FAB-AC29-2982-8FB4-C97CA88F1415}.MemoryTrackerWithStaticLibs|Win32.Build.0 = MemoryTrackerWithStaticLibs|Win32
		{0E350FAB-AC29-2982-8FB4-C97CA88F1415}.MemoryTrackerWithStaticLibs|x64.ActiveCfg = MemoryTrackerWithStaticLibs|x64
		{0E350FAB-AC29-2982-8FB4-C97CA88F1415}.MemoryTrackerWithStaticLibs|x64.Build.0 = MemoryTrackerWithStaticLibs|x64
		{0E350FAB-AC29-2982-8FB4-C97CA88F1415}.RefTrackerWithDlls|Win32.ActiveCfg = RefTrackerWithDlls|Win32
		{0E350FAB-AC29-2982-8FB4-C97CA88F1415}.RefTrackerWithDlls|Win32.Build.0 = RefTrackerWithDlls|Win32
		{0E350FAB-AC29-2982-8FB4-C97CA88F1415}.RefTrackerWithDlls|x64.ActiveCfg = RefTrackerWithDlls|x64
		{0E350FAB-AC29-2982-8FB4-C97CA88F1415}.RefTrackerWithDlls|x64.Build.0 = RefTrackerWithDlls|x64
		{0E350FAB-AC29-2982-8FB4-C97CA88F1415}.RefTrackerWithStaticLibs|Win32.ActiveCfg = RefTrackerWithStaticLibs|Win32
		{0E350FAB-AC29-2982-8FB4-C97CA88F1415}.RefTrackerWithStaticLibs|Win32.Build.0 = RefTrackerWithStaticLibs|Win32
		{0E350FAB-AC29-2982-8FB4-C97CA88F1415}.RefTrackerWithStaticLibs|x64.ActiveCfg = RefTrackerWithStaticLibs|x64
		{0E350FAB-AC29-2982-8FB4-C97CA88F1415}.RefTrackerWithStaticLibs|x64.Build.0 = RefTrackerWithStaticLibs|x64
		{0E350FAB-AC29-2982-8FB4-C97CA88F1415}.ReleaseWithDlls|Win32.ActiveCfg = ReleaseWithDlls|Win32
		{0E350FAB-AC29-2982-8FB4-C97CA88F1415}.ReleaseWithDlls|Win32.Build.0 = ReleaseWithDlls|Win32
		{0E350FAB-AC29-2982-8FB4-C97CA88F1415}.ReleaseWithDlls|x64.ActiveCfg = ReleaseWithDlls|x64
		{0E350FAB-AC29-2982-8FB4-C97CA88F1415}.ReleaseWithDlls|x64.Build.0 = ReleaseWithDlls|x64
		{0E350FAB-AC29-2982-8FB4-C97CA88F1415}.ReleaseWithStaticLibs|Win32.ActiveCfg = ReleaseWithStaticLibs|Win32
		{0E350FAB-AC29-2982-8FB4-C97CA88F1415}.ReleaseWithStaticLibs|Win32.Build.0 = ReleaseWithStaticLibs|Win32
		{0E350FAB-AC29-2982-8FB4-C97CA88F1415}.ReleaseWithStaticLibs|x64.ActiveCfg = ReleaseWithStaticLibs|x64
		{0E350FAB-AC29-2982-8FB4-C97CA88F1415}.ReleaseWithStaticLibs|x64.Build.0 = ReleaseWithStaticLibs|x64
		{0E350FAB-AC29-2982-8FB4-C97CA88F1415}.ThreadCheckerWithDlls|Win32.ActiveCfg = ThreadCheckerWithDlls|Win32
		{0E350FAB-AC29-2982-8FB4-C97CA88F1415}.ThreadCheckerWithDlls|Win32.Build.0 = ThreadCheckerWithDlls|Win32
		{0E350FAB-AC29-2982-8FB4-C97CA88F1415}.ThreadCheckerWithDlls|x64.ActiveCfg = ThreadCheckerWithDlls|x64
		{0E350FAB-AC29-2982-8FB4-C97CA88F1415}.ThreadCheckerWithDlls|x64.Build.0 = ThreadCheckerWithDlls|x64
		{0E350FAB-AC29-2982-8FB4-C97CA88F1415}.ThreadCheckerWithStaticLibs|Win32.ActiveCfg = ThreadCheckerWithStaticLibs|Win32
		{0E350FAB-AC29-2982-8FB4-C97CA88F1415}.ThreadCheckerWithStaticLibs|Win32.Build.0 = ThreadCheckerWithStaticLibs|Win32
		{0E350FAB-AC29-2982-8FB4-C97CA88F1415}.ThreadCheckerWithStaticLibs|x64.ActiveCfg = ThreadCheckerWithStaticLibs|x64
		{0E350FAB-AC29-2982-8FB4-C97CA88F1415}.ThreadCheckerWithStaticLibs|x64.Build.0 = ThreadCheckerWithStaticLibs|x64
		{D427B6A8-5516-5CD8-EB88-0CBFCF9274C4}.DebugWithDlls|Win32.ActiveCfg = DebugWithDlls|Win32
		{D427B6A8-5516-5CD8-EB88-0CBFCF9274C4}.DebugWithDlls|Win32.Build.0 = DebugWithDlls|Win32
		{D427B6A8-5516-5CD8-EB88-0CBFCF9274C4}.DebugWithDlls|x64.ActiveCfg = DebugWithDlls|x64
		{D427B6A8-5516-5CD8-EB88-0CBFCF9274C4}.DebugWithDlls|x64.Build.0 = DebugWithDlls|x64
		{D427B6A8-5516-5CD8-EB88-0CBFCF9274C4}.DebugWithStaticLibs|Win32.ActiveCfg = DebugWithStaticLibs|Win32
		{D427B6A8-5516-5CD8-EB88-0CBFCF9274C4}.DebugWithStaticLibs|Win32.Build.0 = DebugWithStaticLibs|Win32
		{D427B6A8-5516-5CD8-EB88-0CBFCF9274C4}.DebugWithStaticLibs|x64.ActiveCfg = DebugWithStaticLibs|x64
		{D427B6A8-5516-5CD8-EB88-0CBFCF9274C4}.DebugWithStaticLibs|x64.Build.0 = DebugWithStaticLibs|x64
		{D427B6A8-5516-5CD8-EB88-0CBFCF9274C4}.MemoryTrackerWithDlls|Win32.ActiveCfg = MemoryTrackerWithDlls|Win32
		{D427B6A8-5516-5CD8-EB88-0CBFCF9274C4}.MemoryTrackerWithDlls|Win32.Build.0 = MemoryTrackerWithDlls|Win32
		{D427B6A8-5516-5CD8-EB88-0CBFCF9274C4}.MemoryTrackerWithDlls|x64.ActiveCfg = MemoryTrackerWithDlls|x64
		{D427B6A8-5516-5CD8-EB88-0CBFCF9274C4}.MemoryTrackerWithDlls|x64.Build.0 = MemoryTrackerWithDlls|x64
		{D427B6A8-5516-5CD8-EB88-0CBFCF9274C4}.MemoryTrackerWithStaticLibs|Win32.ActiveCfg = MemoryTrackerWithStaticLibs|Win32
		{D427B6A8-5516-5CD8-EB88-0CBFCF9274C4}.MemoryTrackerWithStaticLibs|Win32.Build.0 = MemoryTrackerWithStaticLibs|Win32
		{D427B6A8-5516-5CD8-EB88-0CBFCF9274C4}.MemoryTrackerWithStaticLibs|x64.ActiveCfg = MemoryTrackerWithStaticLibs|x64
		{D427B6A8-5516-5CD8-EB88-0CBFCF9274C4}.MemoryTrackerWithStaticLibs|x64.Build.0 = MemoryTrackerWithStaticLibs|x64
		{D427B6A8-5516-5CD8-EB88-0CBFCF9274C4}.RefTrackerWithDlls|Win32.ActiveCfg = RefTrackerWithDlls|Win32
		{D427B6A8-5516-5CD8-EB88-0CBFCF9274C4}.RefTrackerWithDlls|Win32.Build.0 = RefTrackerWithDlls|Win32
		{D427B6A8-5516-5CD8-EB88-0CBFCF9274C4}.RefTrackerWithDlls|x64.ActiveCfg = RefTrackerWithDlls|x64
		{D427B6A8-5516-5CD8-EB88-0CBFCF9274C4}.RefTrackerWithDlls|x64.Build.0 = RefTrackerWithDlls|x64
		{D427B6A8-5516-5CD8-EB88-0CBFCF9274C4}.RefTrackerWithStaticLibs|Win32.ActiveCfg = RefTrackerWithStaticLibs|Win32
		{D427B6A8-5516-5CD8-EB88-0CBFCF9274C4}.RefTrackerWithStaticLibs|Win32.Build.0 = RefTrackerWithStaticLibs|Win32
		{D427B6A8-5516-5CD8-EB88-0CBFCF9274C4}.RefTrackerWithStaticLibs|x64.ActiveCfg = RefTrackerWithStaticLibs|x64
		{D427B6A8-5516-5CD8-EB88-0CBFCF9274C4}.RefTrackerWithStaticLibs|x64.Build.0 = RefTrackerWithStaticLibs|x64
		{D427B6A8-5516-5CD8-EB88-0CBFCF9274C4}.ReleaseWithDlls|Win32.ActiveCfg = ReleaseWithDlls|Win32
		{D427B6A8-5516-5CD8-EB88-0CBFCF9274C4}.ReleaseWithDlls|Win32.Build.0 = ReleaseWithDlls|Win32
		{D427B6A8-5516-5CD8-EB88-0CBFCF9274C4}.ReleaseWithDlls|x64.ActiveCfg = ReleaseWithDlls|x64
		{D427B6A8-5516-5CD8-EB88-0CBFCF9274C4}.ReleaseWithDlls|x64.Build.0 = ReleaseWithDlls|x64
		{D427B6A8-5516-5CD8-EB88-0CBFCF9274C4}.ReleaseWithStaticLibs|Win32.ActiveCfg = ReleaseWithStaticLibs|Win32
		{D427B6A8-5516-5CD8-EB88-0CBFCF9274C4}.ReleaseWithStaticLibs|Win32.Build.0 = ReleaseWithStaticLibs|Win32
		{D427B6A8-5516-5CD8-EB88-0CBFCF9274C4}.ReleaseWithStaticLibs|x64.ActiveCfg = ReleaseWithStaticLibs|x64
		{D427B6A8-5516-5CD8-EB88-0CBFCF9274C4}.ReleaseWithStaticLibs|x64.Build.0 = ReleaseWithStaticLibs|x64
		{D427B6A8-5516-5CD8-EB88-0CBFCF9274C4}.ThreadCheckerWithDlls|Win32.ActiveCfg = ThreadCheckerWithDlls|Win32
		{D427B6A8-5516-5CD8-EB88-0CBFCF9274C4}.ThreadCheckerWithDlls|Win32.Build.0 = ThreadCheckerWithDlls|Win32
		{D427B6A8-5516-5CD8-EB88-0CBFCF9274C4}.ThreadCheckerWithDlls|x64.ActiveCfg = ThreadCheckerWithDlls|x64
		{D427B6A8-5516-5CD8-EB88-0CBFCF9274C4}.ThreadCheckerWithDlls|x64.Build.0 = ThreadCheckerWithDlls|x64
		{D427B6A8-5516-5CD8-EB88-0CBFCF9274C4}.ThreadCheckerWithStaticLibs|Win32.ActiveCfg = ThreadCheckerWithStaticLibs|Win32
		{D427B6A8-5516-5CD8-EB88-0CBFCF9274C4}.ThreadCheckerWithStaticLibs|Win32.Build.0 = ThreadCheckerWithStaticLibs|Win32
		{D427B6A8-5516-5CD8-EB88-0CBFCF9274C4}.ThreadCheckerWithStaticLibs|x64.ActiveCfg = ThreadCheckerWithStaticLibs|x64
		{D427B6A8-5516-5CD8-EB88-0CBFCF9274C4}.ThreadCheckerWithStaticLibs|x64.Build.0 = ThreadCheckerWithStaticLibs|x64
		{A5790401-9CB0-0ED8-0CD6-381BE7A7CF0A}.DebugWithDlls|Win32.ActiveCfg = DebugWithDlls|Win32
		{A5790401-9CB0-0ED8-0CD6-381BE7A7CF0A}.DebugWithDlls|Win32.Build.0 = DebugWithDlls|Win32
		{A5790401-9CB0-0ED8-0CD6-381BE7A7CF0A}.DebugWithDlls|x64.ActiveCfg = DebugWithDlls|x64
		{A5790401-9CB0-0ED8-0CD6-381BE7A7CF0A}.DebugWithDlls|x64.Build.0 = DebugWithDlls|x64
		{A5790401-9CB0-0ED8-0CD6-381BE7A7CF0A}.DebugWithStaticLibs|Win32.ActiveCfg = DebugWithStaticLibs|Win32
		{A5790401-9CB0-0ED8-0CD6-381BE7A7CF0A}.DebugWithStaticLibs|Win32.Build.0 = DebugWithStaticLibs|Win32
		{A5790401-9CB0-0ED8-0CD6-381BE7A7CF0A}.DebugWithStaticLibs|x64.ActiveCfg = DebugWithStaticLibs|x64
		{A5790401-9CB0-0ED8-0CD6-381BE7A7CF0A}.DebugWithStaticLibs|x64.Build.0 = DebugWithStaticLibs|x64
		{A5790401-9CB0-0ED8-0CD6-381BE7A7CF0A}.MemoryTrackerWithDlls|Win32.ActiveCfg = MemoryTrackerWithDlls|Win32
		{A5790401-9CB0-0ED8-0CD6-381BE7A7CF0A}.MemoryTrackerWithDlls|Win32.Build.0 = MemoryTrackerWithDlls|Win32
		{A5790401-9CB0-0ED8-0CD6-381BE7A7CF0A}.MemoryTrackerWithDlls|x64.ActiveCfg = MemoryTrackerWithDlls|x64
		{A5790401-9CB0-0ED8-0CD6-381BE7A7CF0A}.MemoryTrackerWithDlls|x64.Build.0 = MemoryTrackerWithDlls|x64
		{A5790401-9CB0-0ED8-0CD6-381BE7A7CF0A}.MemoryTrackerWithStaticLibs|Win32.ActiveCfg = MemoryTrackerWithStaticLibs|Win32
		{A5790401-9CB0-0ED8-0CD6-381BE7A7CF0A}.MemoryTrackerWithStaticLibs|Win32.Build.0 = MemoryTrackerWithStaticLibs|Win32
		{A5790401-9CB0-0ED8-0CD6-381BE7A7CF0A}.MemoryTrackerWithStaticLibs|x64.ActiveCfg = MemoryTrackerWithStaticLibs|x64
		{A5790401-9CB0-0ED8-0CD6-381BE7A7CF0A}.MemoryTrackerWithStaticLibs|x64.Build.0 = MemoryTrackerWithStaticLibs|x64
		{A5790401-9CB0-0ED8-0CD6-381BE7A7CF0A}.RefTrackerWithDlls|Win32.ActiveCfg = RefTrackerWithDlls|Win32
		{A5790401-9CB0-0ED8-0CD6-381BE7A7CF0A}.RefTrackerWithDlls|Win32.Build.0 = RefTrackerWithDlls|Win32
		{A5790401-9CB0-0ED8-0CD6-381BE7A7CF0A}.RefTrackerWithDlls|x64.ActiveCfg = RefTrackerWithDlls|x64
		{A5790401-9CB0-0ED8-0CD6-381BE7A7CF0A}.RefTrackerWithDlls|x64.Build.0 = RefTrackerWithDlls|x64
		{A5790401-9CB0-0ED8-0CD6-381BE7A7CF0A}.RefTrackerWithStaticLibs|Win32.ActiveCfg = RefTrackerWithStaticLibs|Win32
		{A5790401-9CB0-0ED8-0CD6-381BE7A7CF0A}.RefTrackerWithStaticLibs|Win32.Build.0 = RefTrackerWithStaticLibs|Win32
		{A5790401-9CB0-0ED8-0CD6-381BE7A7CF0A}.RefTrackerWithStaticLibs|x64.ActiveCfg = RefTrackerWithStaticLibs|x64
		{A5790401-9CB0-0ED8-0CD6-381BE7A7CF0A}.RefTrackerWithStaticLibs|x64.Build.0 = RefTrackerWithStaticLibs|x64
		{A5790401-9CB0-0ED8-0CD6-381BE7A7CF0A}.ReleaseWithDlls|Win32.ActiveCfg = ReleaseWithDlls|Win32
		{A5790401-9CB0-0ED8-0CD6-381BE7A7CF0A}.ReleaseWithDlls|Win32.Build.0 = ReleaseWithDlls|Win32
		{A5790401-9CB0-0ED8-0CD6-381BE7A7CF0A}.ReleaseWithDlls|x64.ActiveCfg = ReleaseWithDlls|x64
		{A5790401-9CB0-0ED8-0CD6-381BE7A7CF0A}.ReleaseWithDlls|x64.Build.0 = ReleaseWithDlls|x64
		{A5790401-9CB0-0ED8-0CD6-381BE7A7CF0A}.ReleaseWithStaticLibs|Win32.ActiveCfg = ReleaseWithStaticLibs|Win32
		{A5790401-9CB0-0ED8-0CD6-381BE7A7CF0A}.ReleaseWithStaticLibs|Win32.Build.0 = ReleaseWithStaticLibs|Win32
		{A5790401-9CB0-0ED8-0CD6-381BE7A7CF0A}.ReleaseWithStaticLibs|x64.ActiveCfg = ReleaseWithStaticLibs|x64
		{A5790401-9CB0-0ED8-0CD6-381BE7A7CF0A}.ReleaseWithStaticLibs|x64.Build.0 = ReleaseWithStaticLibs|x64
		{A5790401-9CB0-0ED8-0CD6-381BE7A7CF0A}.ThreadCheckerWithDlls|Win32.ActiveCfg = ThreadCheckerWithDlls|Win32
		{A5790401-9CB0-0ED8-0CD6-381BE7A7CF0A}.ThreadCheckerWithDlls|Win32.Build.0 = ThreadCheckerWithDlls|Win32
		{A5790401-9CB0-0ED8-0CD6-381BE7A7CF0A}.ThreadCheckerWithDlls|x64.ActiveCfg = ThreadCheckerWithDlls|x64
		{A5790401-9CB0-0ED8-0CD6-381BE7A7CF0A}.ThreadCheckerWithDlls|x64.Build.0 = ThreadCheckerWithDlls|x64
		{A5790401-9CB0-0ED8-0CD6-381BE7A7CF0A}.ThreadCheckerWithStaticLibs|Win32.ActiveCfg = ThreadCheckerWithStaticLibs|Win32
		{A5790401-9CB0-0ED8-0CD6-381BE7A7CF0A}.ThreadCheckerWithStaticLibs|Win32.Build.0 = ThreadCheckerWithStaticLibs|Win32
		{A5790401-9CB0-0ED8-0CD6-381BE7A7CF0A}.ThreadCheckerWithStaticLibs|x64.ActiveCfg = ThreadCheckerWithStaticLibs|x64
		{A5790401-9CB0-0ED8-0CD6-381BE7A7CF0A}.ThreadCheckerWithStaticLibs|x64.Build.0 = ThreadCheckerWithStaticLibs|x64
		{A88898BE-BA97-DF8D-1268-7E0B1F1ACBBA}.DebugWithDlls|Win32.ActiveCfg = DebugWithDlls|Win32
		{A88898BE-BA97-DF8D-1268-7E0B1F1ACBBA}.DebugWithDlls|Win32.Build.0 = DebugWithDlls|Win32
		{A88898BE-BA97-DF8D-1268-7E0B1F1ACBBA}.DebugWithDlls|x64.ActiveCfg = DebugWithDlls|x64
		{A88898BE-BA97-DF8D-1268-7E0B1F1ACBBA}.DebugWithDlls|x64.Build.0 = DebugWithDlls|x64
		{A88898BE-BA97-DF8D-1268-7E0B1F1ACBBA}.DebugWithStaticLibs|Win32.ActiveCfg = DebugWithStaticLibs|Win32
		{A88898BE-BA97-DF8D-1268-7E0B1F1ACBBA}.DebugWithStaticLibs|Win32.Build.0 = DebugWithStaticLibs|Win32
		{A88898BE-BA97-DF8D-1268-7E0B1F1ACBBA}.DebugWithStaticLibs|x64.ActiveCfg = DebugWithStaticLibs|x64
		{A88898BE-BA97-DF8D-1268-7E0B1F1ACBBA}.DebugWithStaticLibs|x64.Build.0 = DebugWithStaticLibs|x64
		{A88898BE-BA97-DF8D-1268-7E0B1F1ACBBA}.MemoryTrackerWithDlls|Win32.ActiveCfg = MemoryTrackerWithDlls|Win32
		{A88898BE-BA97-DF8D-1268-7E0B1F1ACBBA}.MemoryTrackerWithDlls|Win32.Build.0 = MemoryTrackerWithDlls|Win32
		{A88898BE-BA97-DF8D-1268-7E0B1F1ACBBA}.MemoryTrackerWithDlls|x64.ActiveCfg = MemoryTrackerWithDlls|x64
		{A88898BE-BA97-DF8D-1268-7E0B1F1ACBBA}.MemoryTrackerWithDlls|x64.Build.0 = MemoryTrackerWithDlls|x64
		{A88898BE-BA97-DF8D-1268-7E0B1F1ACBBA}.MemoryTrackerWithStaticLibs|Win32.ActiveCfg = MemoryTrackerWithStaticLibs|Win32
		{A88898BE-BA97-DF8D-1268-7E0B1F1ACBBA}.MemoryTrackerWithStaticLibs|Win32.Build.0 = MemoryTrackerWithStaticLibs|Win32
		{A88898BE-BA97-DF8D-1268-7E0B1F1ACBBA}.MemoryTrackerWithStaticLibs|x64.ActiveCfg = MemoryTrackerWithStaticLibs|x64
		{A88898BE-BA97-DF8D-1268-7E0B1F1ACBBA}.MemoryTrackerWithStaticLibs|x64.Build.0 = MemoryTrackerWithStaticLibs|x64
		{A88898BE-BA97-DF8D-1268-7E0B1F1ACBBA}.RefTrackerWithDlls|Win32.ActiveCfg = RefTrackerWithDlls|Win32
		{A88898BE-BA97-DF8D-1268-7E0B1F1ACBBA}.RefTrackerWithDlls|Win32.Build.0 = RefTrackerWithDlls|Win32
		{A88898BE-BA97-DF8D-1268-7E0B1F1ACBBA}.RefTrackerWithDlls|x64.ActiveCfg = RefTrackerWithDlls|x64
		{A88898BE-BA97-DF8D-1268-7E0B1F1ACBBA}.RefTrackerWithDlls|x64.Build.0 = RefTrackerWithDlls|x64
		{A88898BE-BA97-DF8D-1268-7E0B1F1ACBBA}.RefTrackerWithStaticLibs|Win32.ActiveCfg = RefTrackerWithStaticLibs|Win32
		{A88898BE-BA97-DF8D-1268-7E0B1F1ACBBA}.RefTrackerWithStaticLibs|Win32.Build.0 = RefTrackerWithStaticLibs|Win32
		{A88898BE-BA97-DF8D-1268-7E0B1F1ACBBA}.RefTrackerWithStaticLibs|x64.ActiveCfg = RefTrackerWithStaticLibs|x64
		{A88898BE-BA97-DF8D-1268-7E0B1F1ACBBA}.RefTrackerWithStaticLibs|x64.Build.0 = RefTrackerWithStaticLibs|x64
		{A88898BE-BA97-DF8D-1268-7E0B1F1ACBBA}.ReleaseWithDlls|Win32.ActiveCfg = ReleaseWithDlls|Win32
		{A88898BE-BA97-DF8D-1268-7E0B1F1ACBBA}.ReleaseWithDlls|Win32.Build.0 = ReleaseWithDlls|Win32
		{A88898BE-BA97-DF8D-1268-7E0B1F1ACBBA}.ReleaseWithDlls|x64.ActiveCfg = ReleaseWithDlls|x64
		{A88898BE-BA97-DF8D-1268-7E0B1F1ACBBA}.ReleaseWithDlls|x64.Build.0 = ReleaseWithDlls|x64
		{A88898BE-BA97-DF8D-1268-7E0B1F1ACBBA}.ReleaseWithStaticLibs|Win32.ActiveCfg = ReleaseWithStaticLibs|Win32
		{A88898BE-BA97-DF8D-1268-7E0B1F1ACBBA}.ReleaseWithStaticLibs|Win32.Build.0 = ReleaseWithStaticLibs|Win32
		{A88898BE-BA97-DF8D-1268-7E0B1F1ACBBA}.ReleaseWithStaticLibs|x64.ActiveCfg = ReleaseWithStaticLibs|x64
		{A88898BE-BA97-DF8D-1268-7E0B1F1ACBBA}.ReleaseWithStaticLibs|x64.Build.0 = ReleaseWithStaticLibs|x64
		{A88898BE-BA97-DF8D-1268-7E0B1F1ACBBA}.ThreadCheckerWithDlls|Win32.ActiveCfg = ThreadCheckerWithDlls|Win32
		{A88898BE-BA97-DF8D-1268-7E0B1F1ACBBA}.ThreadCheckerWithDlls|Win32.Build.0 = ThreadCheckerWithDlls|Win32
		{A88898BE-BA97-DF8D-1268-7E0B1F1ACBBA}.ThreadCheckerWithDlls|x64.ActiveCfg = ThreadCheckerWithDlls|x64
		{A88898BE-BA97-DF8D-1268-7E0B1F1ACBBA}.ThreadCheckerWithDlls|x64.Build.0 = ThreadCheckerWithDlls|x64
		{A88898BE-BA97-DF8D-1268-7E0B1F1ACBBA}.ThreadCheckerWithStaticLibs|Win32.ActiveCfg = ThreadCheckerWithStaticLibs|Win32
		{A88898BE-BA97-DF8D-1268-7E0B1F1ACBBA}.ThreadCheckerWithStaticLibs|Win32.Build.0 = ThreadCheckerWithStaticLibs|Win32
		{A88898BE-BA97-DF8D-1268-7E0B1F1ACBBA}.ThreadCheckerWithStaticLibs|x64.ActiveCfg = ThreadCheckerWithStaticLibs|x64
		{A88898BE-BA97-DF8D-1268-7E0B1F1ACBBA}.ThreadCheckerWithStaticLibs|x64.Build.0 = ThreadCheckerWithStaticLibs|x64
	EndGlobalSection
	GlobalSection(SolutionProperties) = preSolution
		HideSolutionNode = FALSE
	EndGlobalSection
EndGlobal
